// !$*UTF8*$!
{
	archiveVersion = 1;
	classes = {
	};
	objectVersion = 50;
	objects = {

/* Begin PBXBuildFile section */
		2046E76A20E5473D00BB5F2D /* ListNotesTableViewController.swift in Sources */ = {isa = PBXBuildFile; fileRef = 2046E76920E5473D00BB5F2D /* ListNotesTableViewController.swift */; };
		2046E76C20E5478100BB5F2D /* DisplayNoteViewController.swift in Sources */ = {isa = PBXBuildFile; fileRef = 2046E76B20E5478100BB5F2D /* DisplayNoteViewController.swift */; };
		2046E76E20E547DC00BB5F2D /* ListNotesTableViewCell.swift in Sources */ = {isa = PBXBuildFile; fileRef = 2046E76D20E547DC00BB5F2D /* ListNotesTableViewCell.swift */; };
		2046E77120E57EAF00BB5F2D /* MakeSchoolNotes.xcdatamodeld in Sources */ = {isa = PBXBuildFile; fileRef = 2046E76F20E57EAF00BB5F2D /* MakeSchoolNotes.xcdatamodeld */; };
		2046E77320E5808C00BB5F2D /* CoreDataHelper.swift in Sources */ = {isa = PBXBuildFile; fileRef = 2046E77220E5808C00BB5F2D /* CoreDataHelper.swift */; };
		2046E77520E59A3F00BB5F2D /* String+Date+Extension.swift in Sources */ = {isa = PBXBuildFile; fileRef = 2046E77420E59A3F00BB5F2D /* String+Date+Extension.swift */; };
		205ACFD720E43148009042D1 /* AppDelegate.swift in Sources */ = {isa = PBXBuildFile; fileRef = 205ACFD620E43148009042D1 /* AppDelegate.swift */; };
		205ACFD920E43148009042D1 /* ViewController.swift in Sources */ = {isa = PBXBuildFile; fileRef = 205ACFD820E43148009042D1 /* ViewController.swift */; };
		205ACFDC20E43148009042D1 /* Main.storyboard in Resources */ = {isa = PBXBuildFile; fileRef = 205ACFDA20E43148009042D1 /* Main.storyboard */; };
		205ACFDE20E4314A009042D1 /* Assets.xcassets in Resources */ = {isa = PBXBuildFile; fileRef = 205ACFDD20E4314A009042D1 /* Assets.xcassets */; };
		205ACFE120E4314A009042D1 /* LaunchScreen.storyboard in Resources */ = {isa = PBXBuildFile; fileRef = 205ACFDF20E4314A009042D1 /* LaunchScreen.storyboard */; };
/* End PBXBuildFile section */

/* Begin PBXFileReference section */
		2046E76920E5473D00BB5F2D /* ListNotesTableViewController.swift */ = {isa = PBXFileReference; lastKnownFileType = sourcecode.swift; path = ListNotesTableViewController.swift; sourceTree = "<group>"; };
		2046E76B20E5478100BB5F2D /* DisplayNoteViewController.swift */ = {isa = PBXFileReference; lastKnownFileType = sourcecode.swift; path = DisplayNoteViewController.swift; sourceTree = "<group>"; };
		2046E76D20E547DC00BB5F2D /* ListNotesTableViewCell.swift */ = {isa = PBXFileReference; lastKnownFileType = sourcecode.swift; path = ListNotesTableViewCell.swift; sourceTree = "<group>"; };
		2046E77020E57EAF00BB5F2D /* MakeSchoolNotes.xcdatamodel */ = {isa = PBXFileReference; lastKnownFileType = wrapper.xcdatamodel; path = MakeSchoolNotes.xcdatamodel; sourceTree = "<group>"; };
		2046E77220E5808C00BB5F2D /* CoreDataHelper.swift */ = {isa = PBXFileReference; lastKnownFileType = sourcecode.swift; path = CoreDataHelper.swift; sourceTree = "<group>"; };
		2046E77420E59A3F00BB5F2D /* String+Date+Extension.swift */ = {isa = PBXFileReference; lastKnownFileType = sourcecode.swift; path = "String+Date+Extension.swift"; sourceTree = "<group>"; };
		205ACFD320E43148009042D1 /* Make School Note App.app */ = {isa = PBXFileReference; explicitFileType = wrapper.application; includeInIndex = 0; path = "Make School Note App.app"; sourceTree = BUILT_PRODUCTS_DIR; };
		205ACFD620E43148009042D1 /* AppDelegate.swift */ = {isa = PBXFileReference; lastKnownFileType = sourcecode.swift; path = AppDelegate.swift; sourceTree = "<group>"; };
		205ACFD820E43148009042D1 /* ViewController.swift */ = {isa = PBXFileReference; lastKnownFileType = sourcecode.swift; path = ViewController.swift; sourceTree = "<group>"; };
		205ACFDB20E43148009042D1 /* Base */ = {isa = PBXFileReference; lastKnownFileType = file.storyboard; name = Base; path = Base.lproj/Main.storyboard; sourceTree = "<group>"; };
		205ACFDD20E4314A009042D1 /* Assets.xcassets */ = {isa = PBXFileReference; lastKnownFileType = folder.assetcatalog; path = Assets.xcassets; sourceTree = "<group>"; };
		205ACFE020E4314A009042D1 /* Base */ = {isa = PBXFileReference; lastKnownFileType = file.storyboard; name = Base; path = Base.lproj/LaunchScreen.storyboard; sourceTree = "<group>"; };
		205ACFE220E4314A009042D1 /* Info.plist */ = {isa = PBXFileReference; lastKnownFileType = text.plist.xml; path = Info.plist; sourceTree = "<group>"; };
/* End PBXFileReference section */

/* Begin PBXFrameworksBuildPhase section */
		205ACFD020E43148009042D1 /* Frameworks */ = {
			isa = PBXFrameworksBuildPhase;
			buildActionMask = 2147483647;
			files = (
			);
			runOnlyForDeploymentPostprocessing = 0;
		};
/* End PBXFrameworksBuildPhase section */

/* Begin PBXGroup section */
		2046E76420E541EA00BB5F2D /* Extensions */ = {
			isa = PBXGroup;
			children = (
				2046E77420E59A3F00BB5F2D /* String+Date+Extension.swift */,
			);
			path = Extensions;
			sourceTree = "<group>";
		};
		2046E76520E541F800BB5F2D /* Helpers */ = {
			isa = PBXGroup;
			children = (
				2046E77220E5808C00BB5F2D /* CoreDataHelper.swift */,
			);
			path = Helpers;
			sourceTree = "<group>";
		};
		2046E76620E5420300BB5F2D /* Models */ = {
			isa = PBXGroup;
			children = (
			);
			path = Models;
			sourceTree = "<group>";
		};
		2046E76720E5421A00BB5F2D /* Controllers */ = {
			isa = PBXGroup;
			children = (
				2046E76920E5473D00BB5F2D /* ListNotesTableViewController.swift */,
				2046E76B20E5478100BB5F2D /* DisplayNoteViewController.swift */,
			);
			path = Controllers;
			sourceTree = "<group>";
		};
		2046E76820E5422700BB5F2D /* Views */ = {
			isa = PBXGroup;
			children = (
				2046E76D20E547DC00BB5F2D /* ListNotesTableViewCell.swift */,
			);
			path = Views;
			sourceTree = "<group>";
		};
		205ACFCA20E43148009042D1 = {
			isa = PBXGroup;
			children = (
				205ACFD520E43148009042D1 /* Make School Note App */,
				205ACFD420E43148009042D1 /* Products */,
			);
			sourceTree = "<group>";
		};
		205ACFD420E43148009042D1 /* Products */ = {
			isa = PBXGroup;
			children = (
				205ACFD320E43148009042D1 /* Make School Note App.app */,
			);
			name = Products;
			sourceTree = "<group>";
		};
		205ACFD520E43148009042D1 /* Make School Note App */ = {
			isa = PBXGroup;
			children = (
				2046E76820E5422700BB5F2D /* Views */,
				2046E76720E5421A00BB5F2D /* Controllers */,
				2046E76620E5420300BB5F2D /* Models */,
				2046E76520E541F800BB5F2D /* Helpers */,
				2046E76420E541EA00BB5F2D /* Extensions */,
				205ACFD620E43148009042D1 /* AppDelegate.swift */,
				205ACFD820E43148009042D1 /* ViewController.swift */,
				205ACFDA20E43148009042D1 /* Main.storyboard */,
				205ACFDD20E4314A009042D1 /* Assets.xcassets */,
				205ACFDF20E4314A009042D1 /* LaunchScreen.storyboard */,
				205ACFE220E4314A009042D1 /* Info.plist */,
				2046E76F20E57EAF00BB5F2D /* MakeSchoolNotes.xcdatamodeld */,
			);
			path = "Make School Note App";
			sourceTree = "<group>";
		};
/* End PBXGroup section */

/* Begin PBXNativeTarget section */
		205ACFD220E43148009042D1 /* Make School Note App */ = {
			isa = PBXNativeTarget;
			buildConfigurationList = 205ACFE520E4314A009042D1 /* Build configuration list for PBXNativeTarget "Make School Note App" */;
			buildPhases = (
				205ACFCF20E43148009042D1 /* Sources */,
				205ACFD020E43148009042D1 /* Frameworks */,
				205ACFD120E43148009042D1 /* Resources */,
			);
			buildRules = (
			);
			dependencies = (
			);
			name = "Make School Note App";
			productName = "Make School Note App";
			productReference = 205ACFD320E43148009042D1 /* Make School Note App.app */;
			productType = "com.apple.product-type.application";
		};
/* End PBXNativeTarget section */

/* Begin PBXProject section */
		205ACFCB20E43148009042D1 /* Project object */ = {
			isa = PBXProject;
			attributes = {
				LastSwiftUpdateCheck = 0930;
				LastUpgradeCheck = 0930;
				ORGANIZATIONNAME = Yveslym;
				TargetAttributes = {
					205ACFD220E43148009042D1 = {
						CreatedOnToolsVersion = 9.3.1;
					};
				};
			};
			buildConfigurationList = 205ACFCE20E43148009042D1 /* Build configuration list for PBXProject "Make School Note App" */;
			compatibilityVersion = "Xcode 9.3";
			developmentRegion = en;
			hasScannedForEncodings = 0;
			knownRegions = (
				en,
				Base,
			);
			mainGroup = 205ACFCA20E43148009042D1;
			productRefGroup = 205ACFD420E43148009042D1 /* Products */;
			projectDirPath = "";
			projectRoot = "";
			targets = (
				205ACFD220E43148009042D1 /* Make School Note App */,
			);
		};
/* End PBXProject section */

/* Begin PBXResourcesBuildPhase section */
		205ACFD120E43148009042D1 /* Resources */ = {
			isa = PBXResourcesBuildPhase;
			buildActionMask = 2147483647;
			files = (
				205ACFE120E4314A009042D1 /* LaunchScreen.storyboard in Resources */,
				205ACFDE20E4314A009042D1 /* Assets.xcassets in Resources */,
				205ACFDC20E43148009042D1 /* Main.storyboard in Resources */,
			);
			runOnlyForDeploymentPostprocessing = 0;
		};
/* End PBXResourcesBuildPhase section */

/* Begin PBXSourcesBuildPhase section */
		205ACFCF20E43148009042D1 /* Sources */ = {
			isa = PBXSourcesBuildPhase;
			buildActionMask = 2147483647;
			files = (
				2046E76E20E547DC00BB5F2D /* ListNotesTableViewCell.swift in Sources */,
				2046E76A20E5473D00BB5F2D /* ListNotesTableViewController.swift in Sources */,
				2046E76C20E5478100BB5F2D /* DisplayNoteViewController.swift in Sources */,
				2046E77320E5808C00BB5F2D /* CoreDataHelper.swift in Sources */,
				205ACFD920E43148009042D1 /* ViewController.swift in Sources */,
				205ACFD720E43148009042D1 /* AppDelegate.swift in Sources */,
				2046E77520E59A3F00BB5F2D /* String+Date+Extension.swift in Sources */,
				2046E77120E57EAF00BB5F2D /* MakeSchoolNotes.xcdatamodeld in Sources */,
			);
			runOnlyForDeploymentPostprocessing = 0;
		};
/* End PBXSourcesBuildPhase section */

/* Begin PBXVariantGroup section */
		205ACFDA20E43148009042D1 /* Main.storyboard */ = {
			isa = PBXVariantGroup;
			children = (
				205ACFDB20E43148009042D1 /* Base */,
			);
			name = Main.storyboard;
			sourceTree = "<group>";
		};
		205ACFDF20E4314A009042D1 /* LaunchScreen.storyboard */ = {
			isa = PBXVariantGroup;
			children = (
				205ACFE020E4314A009042D1 /* Base */,
			);
			name = LaunchScreen.storyboard;
			sourceTree = "<group>";
		};
/* End PBXVariantGroup section */

/* Begin XCBuildConfiguration section */
		205ACFE320E4314A009042D1 /* Debug */ = {
			isa = XCBuildConfiguration;
			buildSettings = {
				ALWAYS_SEARCH_USER_PATHS = NO;
				CLANG_ANALYZER_NONNULL = YES;
				CLANG_ANALYZER_NUMBER_OBJECT_CONVERSION = YES_AGGRESSIVE;
				CLANG_CXX_LANGUAGE_STANDARD = "gnu++14";
				CLANG_CXX_LIBRARY = "libc++";
				CLANG_ENABLE_MODULES = YES;
				CLANG_ENABLE_OBJC_ARC = YES;
				CLANG_ENABLE_OBJC_WEAK = YES;
				CLANG_WARN_BLOCK_CAPTURE_AUTORELEASING = YES;
				CLANG_WARN_BOOL_CONVERSION = YES;
				CLANG_WARN_COMMA = YES;
				CLANG_WARN_CONSTANT_CONVERSION = YES;
				CLANG_WARN_DEPRECATED_OBJC_IMPLEMENTATIONS = YES;
				CLANG_WARN_DIRECT_OBJC_ISA_USAGE = YES_ERROR;
				CLANG_WARN_DOCUMENTATION_COMMENTS = YES;
				CLANG_WARN_EMPTY_BODY = YES;
				CLANG_WARN_ENUM_CONVERSION = YES;
				CLANG_WARN_INFINITE_RECURSION = YES;
				CLANG_WARN_INT_CONVERSION = YES;
				CLANG_WARN_NON_LITERAL_NULL_CONVERSION = YES;
				CLANG_WARN_OBJC_IMPLICIT_RETAIN_SELF = YES;
				CLANG_WARN_OBJC_LITERAL_CONVERSION = YES;
				CLANG_WARN_OBJC_ROOT_CLASS = YES_ERROR;
				CLANG_WARN_RANGE_LOOP_ANALYSIS = YES;
				CLANG_WARN_STRICT_PROTOTYPES = YES;
				CLANG_WARN_SUSPICIOUS_MOVE = YES;
				CLANG_WARN_UNGUARDED_AVAILABILITY = YES_AGGRESSIVE;
				CLANG_WARN_UNREACHABLE_CODE = YES;
				CLANG_WARN__DUPLICATE_METHOD_MATCH = YES;
				CODE_SIGN_IDENTITY = "iPhone Developer";
				COPY_PHASE_STRIP = NO;
				DEBUG_INFORMATION_FORMAT = dwarf;
				ENABLE_STRICT_OBJC_MSGSEND = YES;
				ENABLE_TESTABILITY = YES;
				GCC_C_LANGUAGE_STANDARD = gnu11;
				GCC_DYNAMIC_NO_PIC = NO;
				GCC_NO_COMMON_BLOCKS = YES;
				GCC_OPTIMIZATION_LEVEL = 0;
				GCC_PREPROCESSOR_DEFINITIONS = (
					"DEBUG=1",
					"$(inherited)",
				);
				GCC_WARN_64_TO_32_BIT_CONVERSION = YES;
				GCC_WARN_ABOUT_RETURN_TYPE = YES_ERROR;
				GCC_WARN_UNDECLARED_SELECTOR = YES;
				GCC_WARN_UNINITIALIZED_AUTOS = YES_AGGRESSIVE;
				GCC_WARN_UNUSED_FUNCTION = YES;
				GCC_WARN_UNUSED_VARIABLE = YES;
				IPHONEOS_DEPLOYMENT_TARGET = 11.3;
				MTL_ENABLE_DEBUG_INFO = YES;
				ONLY_ACTIVE_ARCH = YES;
				SDKROOT = iphoneos;
				SWIFT_ACTIVE_COMPILATION_CONDITIONS = DEBUG;
				SWIFT_OPTIMIZATION_LEVEL = "-Onone";
			};
			name = Debug;
		};
		205ACFE420E4314A009042D1 /* Release */ = {
			isa = XCBuildConfiguration;
			buildSettings = {
				ALWAYS_SEARCH_USER_PATHS = NO;
				CLANG_ANALYZER_NONNULL = YES;
				CLANG_ANALYZER_NUMBER_OBJECT_CONVERSION = YES_AGGRESSIVE;
				CLANG_CXX_LANGUAGE_STANDARD = "gnu++14";
				CLANG_CXX_LIBRARY = "libc++";
				CLANG_ENABLE_MODULES = YES;
				CLANG_ENABLE_OBJC_ARC = YES;
				CLANG_ENABLE_OBJC_WEAK = YES;
				CLANG_WARN_BLOCK_CAPTURE_AUTORELEASING = YES;
				CLANG_WARN_BOOL_CONVERSION = YES;
				CLANG_WARN_COMMA = YES;
				CLANG_WARN_CONSTANT_CONVERSION = YES;
				CLANG_WARN_DEPRECATED_OBJC_IMPLEMENTATIONS = YES;
				CLANG_WARN_DIRECT_OBJC_ISA_USAGE = YES_ERROR;
				CLANG_WARN_DOCUMENTATION_COMMENTS = YES;
				CLANG_WARN_EMPTY_BODY = YES;
				CLANG_WARN_ENUM_CONVERSION = YES;
				CLANG_WARN_INFINITE_RECURSION = YES;
				CLANG_WARN_INT_CONVERSION = YES;
				CLANG_WARN_NON_LITERAL_NULL_CONVERSION = YES;
				CLANG_WARN_OBJC_IMPLICIT_RETAIN_SELF = YES;
				CLANG_WARN_OBJC_LITERAL_CONVERSION = YES;
				CLANG_WARN_OBJC_ROOT_CLASS = YES_ERROR;
				CLANG_WARN_RANGE_LOOP_ANALYSIS = YES;
				CLANG_WARN_STRICT_PROTOTYPES = YES;
				CLANG_WARN_SUSPICIOUS_MOVE = YES;
				CLANG_WARN_UNGUARDED_AVAILABILITY = YES_AGGRESSIVE;
				CLANG_WARN_UNREACHABLE_CODE = YES;
				CLANG_WARN__DUPLICATE_METHOD_MATCH = YES;
				CODE_SIGN_IDENTITY = "iPhone Developer";
				COPY_PHASE_STRIP = NO;
				DEBUG_INFORMATION_FORMAT = "dwarf-with-dsym";
				ENABLE_NS_ASSERTIONS = NO;
				ENABLE_STRICT_OBJC_MSGSEND = YES;
				GCC_C_LANGUAGE_STANDARD = gnu11;
				GCC_NO_COMMON_BLOCKS = YES;
				GCC_WARN_64_TO_32_BIT_CONVERSION = YES;
				GCC_WARN_ABOUT_RETURN_TYPE = YES_ERROR;
				GCC_WARN_UNDECLARED_SELECTOR = YES;
				GCC_WARN_UNINITIALIZED_AUTOS = YES_AGGRESSIVE;
				GCC_WARN_UNUSED_FUNCTION = YES;
				GCC_WARN_UNUSED_VARIABLE = YES;
				IPHONEOS_DEPLOYMENT_TARGET = 11.3;
				MTL_ENABLE_DEBUG_INFO = NO;
				SDKROOT = iphoneos;
				SWIFT_COMPILATION_MODE = wholemodule;
				SWIFT_OPTIMIZATION_LEVEL = "-O";
				VALIDATE_PRODUCT = YES;
			};
			name = Release;
		};
		205ACFE620E4314A009042D1 /* Debug */ = {
			isa = XCBuildConfiguration;
			buildSettings = {
				ASSETCATALOG_COMPILER_APPICON_NAME = AppIcon;
				CODE_SIGN_STYLE = Automatic;
				DEVELOPMENT_TEAM = K7R433H2CL;
				INFOPLIST_FILE = "Make School Note App/Info.plist";
				LD_RUNPATH_SEARCH_PATHS = (
					"$(inherited)",
					"@executable_path/Frameworks",
				);
				PRODUCT_BUNDLE_IDENTIFIER = "yveslym.Make-School-Note-App";
				PRODUCT_NAME = "$(TARGET_NAME)";
				SWIFT_VERSION = 4.0;
				TARGETED_DEVICE_FAMILY = 1;
			};
			name = Debug;
		};
		205ACFE720E4314A009042D1 /* Release */ = {
			isa = XCBuildConfiguration;
			buildSettings = {
				ASSETCATALOG_COMPILER_APPICON_NAME = AppIcon;
				CODE_SIGN_STYLE = Automatic;
				DEVELOPMENT_TEAM = K7R433H2CL;
				INFOPLIST_FILE = "Make School Note App/Info.plist";
				LD_RUNPATH_SEARCH_PATHS = (
					"$(inherited)",
					"@executable_path/Frameworks",
				);
				PRODUCT_BUNDLE_IDENTIFIER = "yveslym.Make-School-Note-App";
				PRODUCT_NAME = "$(TARGET_NAME)";
				SWIFT_VERSION = 4.0;
				TARGETED_DEVICE_FAMILY = 1;
			};
			name = Release;
		};
/* End XCBuildConfiguration section */

/* Begin XCConfigurationList section */
		205ACFCE20E43148009042D1 /* Build configuration list for PBXProject "Make School Note App" */ = {
			isa = XCConfigurationList;
			buildConfigurations = (
				205ACFE320E4314A009042D1 /* Debug */,
				205ACFE420E4314A009042D1 /* Release */,
			);
			defaultConfigurationIsVisible = 0;
			defaultConfigurationName = Release;
		};
		205ACFE520E4314A009042D1 /* Build configuration list for PBXNativeTarget "Make School Note App" */ = {
			isa = XCConfigurationList;
			buildConfigurations = (
				205ACFE620E4314A009042D1 /* Debug */,
				205ACFE720E4314A009042D1 /* Release */,
			);
			defaultConfigurationIsVisible = 0;
			defaultConfigurationName = Release;
		};
/* End XCConfigurationList section */

/* Begin XCVersionGroup section */
		2046E76F20E57EAF00BB5F2D /* MakeSchoolNotes.xcdatamodeld */ = {
			isa = XCVersionGroup;
			children = (
				2046E77020E57EAF00BB5F2D /* MakeSchoolNotes.xcdatamodel */,
			);
			currentVersion = 2046E77020E57EAF00BB5F2D /* MakeSchoolNotes.xcdatamodel */;
			path = MakeSchoolNotes.xcdatamodeld;
			sourceTree = "<group>";
			versionGroupType = wrapper.xcdatamodel;
		};
/* End XCVersionGroup section */
	};
	rootObject = 205ACFCB20E43148009042D1 /* Project object */;
}
